
Microsoft Visual Studio Solution File, Format Version 12.00
# Visual Studio Version 16
VisualStudioVersion = 16.0.31624.102
MinimumVisualStudioVersion = 10.0.40219.1
Project("{8BC9CEB8-8B4A-11D0-8D11-00A0C91BC942}") = "Test1", "Test1\Test1.vcxproj", "{B46C3E18-D959-478B-941D-4CEDB07231E5}"
EndProject
Project("{8BC9CEB8-8B4A-11D0-8D11-00A0C91BC942}") = "Test2", "Test2\Test2.vcxproj", "{F76200A5-0E65-4C8C-911F-E31BAA418622}"
EndProject
Global
	GlobalSection(SolutionConfigurationPlatforms) = preSolution
		Debug|x64 = Debug|x64
		Debug|x86 = Debug|x86
		Release|x64 = Release|x64
		Release|x86 = Release|x86
	EndGlobalSection
	GlobalSection(ProjectConfigurationPlatforms) = postSolution
		{B46C3E18-D959-478B-941D-4CEDB07231E5}.Debug|x64.ActiveCfg = Debug|x64
		{B46C3E18-D959-478B-941D-4CEDB07231E5}.Debug|x64.Build.0 = Debug|x64
		{B46C3E18-D959-478B-941D-4CEDB07231E5}.Debug|x86.ActiveCfg = Debug|Win32
		{B46C3E18-D959-478B-941D-4CEDB07231E5}.Debug|x86.Build.0 = Debug|Win32
		{B46C3E18-D959-478B-941D-4CEDB07231E5}.Release|x64.ActiveCfg = Release|x64
		{B46C3E18-D959-478B-941D-4CEDB07231E5}.Release|x64.Build.0 = Release|x64
		{B46C3E18-D959-478B-941D-4CEDB07231E5}.Release|x86.ActiveCfg = Release|Win32
		{B46C3E18-D959-478B-941D-4CEDB07231E5}.Release|x86.Build.0 = Release|Win32
		{F76200A5-0E65-4C8C-911F-E31BAA418622}.Debug|x64.ActiveCfg = Debug|x64
		{F76200A5-0E65-4C8C-911F-E31BAA418622}.Debug|x64.Build.0 = Debug|x64
		{F76200A5-0E65-4C8C-911F-E31BAA418622}.Debug|x86.ActiveCfg = Debug|Win32
		{F76200A5-0E65-4C8C-911F-E31BAA418622}.Debug|x86.Build.0 = Debug|Win32
		{F76200A5-0E65-4C8C-911F-E31BAA418622}.Release|x64.ActiveCfg = Release|x64
		{F76200A5-0E65-4C8C-911F-E31BAA418622}.Release|x64.Build.0 = Release|x64
		{F76200A5-0E65-4C8C-911F-E31BAA418622}.Release|x86.ActiveCfg = Release|Win32
		{F76200A5-0E65-4C8C-911F-E31BAA418622}.Release|x86.Build.0 = Release|Win32
	EndGlobalSection
	GlobalSection(SolutionProperties) = preSolution
		HideSolutionNode = FALSE
	EndGlobalSection
	GlobalSection(ExtensibilityGlobals) = postSolution
		SolutionGuid = {6C84838B-011C-47E6-A9B0-657F7EF16C07}
	EndGlobalSection
EndGlobal
